
Microsoft Visual Studio Solution File, Format Version 12.00
# Visual Studio Version 17
VisualStudioVersion = 17.6.33723.286
MinimumVisualStudioVersion = 10.0.40219.1
Project("{8BC9CEB8-8B4A-11D0-8D11-00A0C91BC942}") = "0035_Array_to_Function", "0035_Array_to_Function.vcxproj", "{1E5CCC47-2EEB-4046-857A-0A60B3F73BD9}"
EndProject
Global
	GlobalSection(SolutionConfigurationPlatforms) = preSolution
		Debug|x64 = Debug|x64
		Debug|x86 = Debug|x86
		Release|x64 = Release|x64
		Release|x86 = Release|x86
	EndGlobalSection
	GlobalSection(ProjectConfigurationPlatforms) = postSolution
		{1E5CCC47-2EEB-4046-857A-0A60B3F73BD9}.Debug|x64.ActiveCfg = Debug|x64
		{1E5CCC47-2EEB-4046-857A-0A60B3F73BD9}.Debug|x64.Build.0 = Debug|x64
		{1E5CCC47-2EEB-4046-857A-0A60B3F73BD9}.Debug|x86.ActiveCfg = Debug|Win32
		{1E5CCC47-2EEB-4046-857A-0A60B3F73BD9}.Debug|x86.Build.0 = Debug|Win32
		{1E5CCC47-2EEB-4046-857A-0A60B3F73BD9}.Release|x64.ActiveCfg = Release|x64
		{1E5CCC47-2EEB-4046-857A-0A60B3F73BD9}.Release|x64.Build.0 = Release|x64
		{1E5CCC47-2EEB-4046-857A-0A60B3F73BD9}.Release|x86.ActiveCfg = Release|Win32
		{1E5CCC47-2EEB-4046-857A-0A60B3F73BD9}.Release|x86.Build.0 = Release|Win32
	EndGlobalSection
	GlobalSection(SolutionProperties) = preSolution
		HideSolutionNode = FALSE
	EndGlobalSection
	GlobalSection(ExtensibilityGlobals) = postSolution
		SolutionGuid = {1D8D6750-E973-488C-B368-F7F823B90119}
	EndGlobalSection
EndGlobal
