
Microsoft Visual Studio Solution File, Format Version 12.00
# Visual Studio Version 17
VisualStudioVersion = 17.6.33723.286
MinimumVisualStudioVersion = 10.0.40219.1
Project("{8BC9CEB8-8B4A-11D0-8D11-00A0C91BC942}") = "0069_ternary_operator", "0069_ternary_operator.vcxproj", "{E6DE90BF-8F2D-44D2-998B-F0FD60BF2B44}"
EndProject
Global
	GlobalSection(SolutionConfigurationPlatforms) = preSolution
		Debug|x64 = Debug|x64
		Debug|x86 = Debug|x86
		Release|x64 = Release|x64
		Release|x86 = Release|x86
	EndGlobalSection
	GlobalSection(ProjectConfigurationPlatforms) = postSolution
		{E6DE90BF-8F2D-44D2-998B-F0FD60BF2B44}.Debug|x64.ActiveCfg = Debug|x64
		{E6DE90BF-8F2D-44D2-998B-F0FD60BF2B44}.Debug|x64.Build.0 = Debug|x64
		{E6DE90BF-8F2D-44D2-998B-F0FD60BF2B44}.Debug|x86.ActiveCfg = Debug|Win32
		{E6DE90BF-8F2D-44D2-998B-F0FD60BF2B44}.Debug|x86.Build.0 = Debug|Win32
		{E6DE90BF-8F2D-44D2-998B-F0FD60BF2B44}.Release|x64.ActiveCfg = Release|x64
		{E6DE90BF-8F2D-44D2-998B-F0FD60BF2B44}.Release|x64.Build.0 = Release|x64
		{E6DE90BF-8F2D-44D2-998B-F0FD60BF2B44}.Release|x86.ActiveCfg = Release|Win32
		{E6DE90BF-8F2D-44D2-998B-F0FD60BF2B44}.Release|x86.Build.0 = Release|Win32
	EndGlobalSection
	GlobalSection(SolutionProperties) = preSolution
		HideSolutionNode = FALSE
	EndGlobalSection
	GlobalSection(ExtensibilityGlobals) = postSolution
		SolutionGuid = {CD3A0627-9585-487D-A4B2-A9132F7D7C57}
	EndGlobalSection
EndGlobal
